{
  "name": "DDG-HeroSkillJM",
  "version": "0.0.1",
  "lockfileVersion": 1,
  "requires": true,
  "dependencies": {
    "ask-sdk-core": {
      "version": "2.1.0-beta.4",
      "resolved": "https://registry.npmjs.org/ask-sdk-core/-/ask-sdk-core-2.1.0-beta.4.tgz",
      "integrity": "sha512-E+gx2+YnPb9ke0nkmT8SfLCwo8mvnMENCny7YyLTxoH0tQr0JddXXaCdKrkIc6Bwcv+FjRBdoqDqi/XEn00jLA=="
    },
    "ask-sdk-model": {
      "version": "1.4.0-beta.1",
      "resolved": "https://registry.npmjs.org/ask-sdk-model/-/ask-sdk-model-1.4.0-beta.1.tgz",
      "integrity": "sha512-oAPD4xIlE5T2QAsCaj6v1FEkztrF8qRDnABqsyfArkEeWA6JEmSonrwxG5kEHVwnu/46QAwlJiemnRtoJ8933g=="
    }
  }
}
